// !$*UTF8*$!
{
	archiveVersion = 1;
	classes = {
	};
	objectVersion = 56;
	objects = {

/* Begin PBXBuildFile section */
		0B4F3CA07E4CA953E2482376 /* Pods_FireChat.framework in Frameworks */ = {isa = PBXBuildFile; fileRef = C2CF3AFC6028FF72AA9166B8 /* Pods_FireChat.framework */; };
		3D8F0FEC2AA0D79A00C32519 /* SignUpViewController.swift in Sources */ = {isa = PBXBuildFile; fileRef = 3D8F0FEB2AA0D79A00C32519 /* SignUpViewController.swift */; };
		3DBC49392AA1A58D008A5893 /* UserViewController.swift in Sources */ = {isa = PBXBuildFile; fileRef = 3DBC49382AA1A58D008A5893 /* UserViewController.swift */; };
		3DBC493F2AA1A648008A5893 /* UserTableViewCell.swift in Sources */ = {isa = PBXBuildFile; fileRef = 3DBC493D2AA1A648008A5893 /* UserTableViewCell.swift */; };
		3DBC49402AA1A648008A5893 /* UserTableViewCell.xib in Resources */ = {isa = PBXBuildFile; fileRef = 3DBC493E2AA1A648008A5893 /* UserTableViewCell.xib */; };
		3DBC49422AA1AFAA008A5893 /* GoogleService-Info.plist in Resources */ = {isa = PBXBuildFile; fileRef = 3DBC49412AA1AFA9008A5893 /* GoogleService-Info.plist */; };
		3DC7D8B82AA0751D004C71BB /* AppDelegate.swift in Sources */ = {isa = PBXBuildFile; fileRef = 3DC7D8B72AA0751D004C71BB /* AppDelegate.swift */; };
		3DC7D8BA2AA0751D004C71BB /* SceneDelegate.swift in Sources */ = {isa = PBXBuildFile; fileRef = 3DC7D8B92AA0751D004C71BB /* SceneDelegate.swift */; };
		3DC7D8BC2AA0751D004C71BB /* LoginViewController.swift in Sources */ = {isa = PBXBuildFile; fileRef = 3DC7D8BB2AA0751D004C71BB /* LoginViewController.swift */; };
		3DC7D8BF2AA0751D004C71BB /* Main.storyboard in Resources */ = {isa = PBXBuildFile; fileRef = 3DC7D8BD2AA0751D004C71BB /* Main.storyboard */; };
		3DC7D8C12AA0751F004C71BB /* Assets.xcassets in Resources */ = {isa = PBXBuildFile; fileRef = 3DC7D8C02AA0751F004C71BB /* Assets.xcassets */; };
		3DC7D8C42AA0751F004C71BB /* LaunchScreen.storyboard in Resources */ = {isa = PBXBuildFile; fileRef = 3DC7D8C22AA0751F004C71BB /* LaunchScreen.storyboard */; };
		3DC7D8CC2AA07A45004C71BB /* UIview.swift in Sources */ = {isa = PBXBuildFile; fileRef = 3DC7D8CB2AA07A45004C71BB /* UIview.swift */; };
		3DF5F65D2AA1B855001EB63A /* User.swift in Sources */ = {isa = PBXBuildFile; fileRef = 3DF5F65C2AA1B855001EB63A /* User.swift */; };
		3DF5F65F2AA2065D001EB63A /* credentials.plist in Resources */ = {isa = PBXBuildFile; fileRef = 3DF5F65E2AA2065D001EB63A /* credentials.plist */; };
/* End PBXBuildFile section */

/* Begin PBXFileReference section */
		3D8F0FEB2AA0D79A00C32519 /* SignUpViewController.swift */ = {isa = PBXFileReference; lastKnownFileType = sourcecode.swift; path = SignUpViewController.swift; sourceTree = "<group>"; };
		3DBC49382AA1A58D008A5893 /* UserViewController.swift */ = {isa = PBXFileReference; lastKnownFileType = sourcecode.swift; path = UserViewController.swift; sourceTree = "<group>"; };
		3DBC493D2AA1A648008A5893 /* UserTableViewCell.swift */ = {isa = PBXFileReference; lastKnownFileType = sourcecode.swift; path = UserTableViewCell.swift; sourceTree = "<group>"; };
		3DBC493E2AA1A648008A5893 /* UserTableViewCell.xib */ = {isa = PBXFileReference; lastKnownFileType = file.xib; path = UserTableViewCell.xib; sourceTree = "<group>"; };
		3DBC49412AA1AFA9008A5893 /* GoogleService-Info.plist */ = {isa = PBXFileReference; fileEncoding = 4; lastKnownFileType = text.plist.xml; path = "GoogleService-Info.plist"; sourceTree = "<group>"; };
		3DC7D8B42AA0751D004C71BB /* FireChat.app */ = {isa = PBXFileReference; explicitFileType = wrapper.application; includeInIndex = 0; path = FireChat.app; sourceTree = BUILT_PRODUCTS_DIR; };
		3DC7D8B72AA0751D004C71BB /* AppDelegate.swift */ = {isa = PBXFileReference; lastKnownFileType = sourcecode.swift; path = AppDelegate.swift; sourceTree = "<group>"; };
		3DC7D8B92AA0751D004C71BB /* SceneDelegate.swift */ = {isa = PBXFileReference; lastKnownFileType = sourcecode.swift; path = SceneDelegate.swift; sourceTree = "<group>"; };
		3DC7D8BB2AA0751D004C71BB /* LoginViewController.swift */ = {isa = PBXFileReference; lastKnownFileType = sourcecode.swift; path = LoginViewController.swift; sourceTree = "<group>"; };
		3DC7D8BE2AA0751D004C71BB /* Base */ = {isa = PBXFileReference; lastKnownFileType = file.storyboard; name = Base; path = Base.lproj/Main.storyboard; sourceTree = "<group>"; };
		3DC7D8C02AA0751F004C71BB /* Assets.xcassets */ = {isa = PBXFileReference; lastKnownFileType = folder.assetcatalog; path = Assets.xcassets; sourceTree = "<group>"; };
		3DC7D8C32AA0751F004C71BB /* Base */ = {isa = PBXFileReference; lastKnownFileType = file.storyboard; name = Base; path = Base.lproj/LaunchScreen.storyboard; sourceTree = "<group>"; };
		3DC7D8C52AA0751F004C71BB /* Info.plist */ = {isa = PBXFileReference; lastKnownFileType = text.plist.xml; path = Info.plist; sourceTree = "<group>"; };
		3DC7D8CB2AA07A45004C71BB /* UIview.swift */ = {isa = PBXFileReference; lastKnownFileType = sourcecode.swift; path = UIview.swift; sourceTree = "<group>"; };
		3DF5F65C2AA1B855001EB63A /* User.swift */ = {isa = PBXFileReference; lastKnownFileType = sourcecode.swift; path = User.swift; sourceTree = "<group>"; };
		3DF5F65E2AA2065D001EB63A /* credentials.plist */ = {isa = PBXFileReference; fileEncoding = 4; lastKnownFileType = text.plist.xml; path = credentials.plist; sourceTree = "<group>"; };
		747E6539C99DD8E9EE1259EF /* Pods-FireChat.release.xcconfig */ = {isa = PBXFileReference; includeInIndex = 1; lastKnownFileType = text.xcconfig; name = "Pods-FireChat.release.xcconfig"; path = "Target Support Files/Pods-FireChat/Pods-FireChat.release.xcconfig"; sourceTree = "<group>"; };
		C2CF3AFC6028FF72AA9166B8 /* Pods_FireChat.framework */ = {isa = PBXFileReference; explicitFileType = wrapper.framework; includeInIndex = 0; path = Pods_FireChat.framework; sourceTree = BUILT_PRODUCTS_DIR; };
		C7E4888D77FDBBB299FD947F /* Pods-FireChat.debug.xcconfig */ = {isa = PBXFileReference; includeInIndex = 1; lastKnownFileType = text.xcconfig; name = "Pods-FireChat.debug.xcconfig"; path = "Target Support Files/Pods-FireChat/Pods-FireChat.debug.xcconfig"; sourceTree = "<group>"; };
/* End PBXFileReference section */

/* Begin PBXFrameworksBuildPhase section */
		3DC7D8B12AA0751D004C71BB /* Frameworks */ = {
			isa = PBXFrameworksBuildPhase;
			buildActionMask = 2147483647;
			files = (
				0B4F3CA07E4CA953E2482376 /* Pods_FireChat.framework in Frameworks */,
			);
			runOnlyForDeploymentPostprocessing = 0;
		};
/* End PBXFrameworksBuildPhase section */

/* Begin PBXGroup section */
		3DBC493A2AA1A5D1008A5893 /* ViewController */ = {
			isa = PBXGroup;
			children = (
				3DC7D8BB2AA0751D004C71BB /* LoginViewController.swift */,
				3D8F0FEB2AA0D79A00C32519 /* SignUpViewController.swift */,
				3DBC49382AA1A58D008A5893 /* UserViewController.swift */,
			);
			path = ViewController;
			sourceTree = "<group>";
		};
		3DBC493B2AA1A5F4008A5893 /* Extension */ = {
			isa = PBXGroup;
			children = (
				3DC7D8CB2AA07A45004C71BB /* UIview.swift */,
			);
			path = Extension;
			sourceTree = "<group>";
		};
		3DBC493C2AA1A610008A5893 /* CustomView */ = {
			isa = PBXGroup;
			children = (
				3DBC493D2AA1A648008A5893 /* UserTableViewCell.swift */,
				3DBC493E2AA1A648008A5893 /* UserTableViewCell.xib */,
			);
			path = CustomView;
			sourceTree = "<group>";
		};
		3DC7D8AB2AA0751D004C71BB = {
			isa = PBXGroup;
			children = (
				3DC7D8B62AA0751D004C71BB /* FireChat */,
				3DC7D8B52AA0751D004C71BB /* Products */,
				8F6738E3D464D6C58F3B3302 /* Pods */,
				724249B178E863ABC19B3EC9 /* Frameworks */,
			);
			sourceTree = "<group>";
		};
		3DC7D8B52AA0751D004C71BB /* Products */ = {
			isa = PBXGroup;
			children = (
				3DC7D8B42AA0751D004C71BB /* FireChat.app */,
			);
			name = Products;
			sourceTree = "<group>";
		};
		3DC7D8B62AA0751D004C71BB /* FireChat */ = {
			isa = PBXGroup;
			children = (
				3DC7D8B72AA0751D004C71BB /* AppDelegate.swift */,
				3DC7D8B92AA0751D004C71BB /* SceneDelegate.swift */,
				3DF5F65B2AA1B846001EB63A /* Model */,
				3DBC493B2AA1A5F4008A5893 /* Extension */,
				3DBC493C2AA1A610008A5893 /* CustomView */,
				3DBC493A2AA1A5D1008A5893 /* ViewController */,
				3DC7D8BD2AA0751D004C71BB /* Main.storyboard */,
				3DC7D8C02AA0751F004C71BB /* Assets.xcassets */,
				3DC7D8C22AA0751F004C71BB /* LaunchScreen.storyboard */,
				3DC7D8C52AA0751F004C71BB /* Info.plist */,
				3DBC49412AA1AFA9008A5893 /* GoogleService-Info.plist */,
				3DF5F65E2AA2065D001EB63A /* credentials.plist */,
			);
			path = FireChat;
			sourceTree = "<group>";
		};
		3DF5F65B2AA1B846001EB63A /* Model */ = {
			isa = PBXGroup;
			children = (
				3DF5F65C2AA1B855001EB63A /* User.swift */,
			);
			path = Model;
			sourceTree = "<group>";
		};
		724249B178E863ABC19B3EC9 /* Frameworks */ = {
			isa = PBXGroup;
			children = (
				C2CF3AFC6028FF72AA9166B8 /* Pods_FireChat.framework */,
			);
			name = Frameworks;
			sourceTree = "<group>";
		};
		8F6738E3D464D6C58F3B3302 /* Pods */ = {
			isa = PBXGroup;
			children = (
				C7E4888D77FDBBB299FD947F /* Pods-FireChat.debug.xcconfig */,
				747E6539C99DD8E9EE1259EF /* Pods-FireChat.release.xcconfig */,
			);
			path = Pods;
			sourceTree = "<group>";
		};
/* End PBXGroup section */

/* Begin PBXNativeTarget section */
		3DC7D8B32AA0751D004C71BB /* FireChat */ = {
			isa = PBXNativeTarget;
			buildConfigurationList = 3DC7D8C82AA0751F004C71BB /* Build configuration list for PBXNativeTarget "FireChat" */;
			buildPhases = (
				817648CDBA073360CAFD8824 /* [CP] Check Pods Manifest.lock */,
				3DC7D8B02AA0751D004C71BB /* Sources */,
				3DC7D8B12AA0751D004C71BB /* Frameworks */,
				3DC7D8B22AA0751D004C71BB /* Resources */,
				324978CCDCF75C7E04A7AABD /* [CP] Embed Pods Frameworks */,
			);
			buildRules = (
			);
			dependencies = (
			);
			name = FireChat;
			productName = FireChat;
			productReference = 3DC7D8B42AA0751D004C71BB /* FireChat.app */;
			productType = "com.apple.product-type.application";
		};
/* End PBXNativeTarget section */

/* Begin PBXProject section */
		3DC7D8AC2AA0751D004C71BB /* Project object */ = {
			isa = PBXProject;
			attributes = {
				BuildIndependentTargetsInParallel = 1;
				LastSwiftUpdateCheck = 1430;
				LastUpgradeCheck = 1430;
				TargetAttributes = {
					3DC7D8B32AA0751D004C71BB = {
						CreatedOnToolsVersion = 14.3;
					};
				};
			};
			buildConfigurationList = 3DC7D8AF2AA0751D004C71BB /* Build configuration list for PBXProject "FireChat" */;
			compatibilityVersion = "Xcode 14.0";
			developmentRegion = en;
			hasScannedForEncodings = 0;
			knownRegions = (
				en,
				Base,
			);
			mainGroup = 3DC7D8AB2AA0751D004C71BB;
			productRefGroup = 3DC7D8B52AA0751D004C71BB /* Products */;
			projectDirPath = "";
			projectRoot = "";
			targets = (
				3DC7D8B32AA0751D004C71BB /* FireChat */,
			);
		};
/* End PBXProject section */

/* Begin PBXResourcesBuildPhase section */
		3DC7D8B22AA0751D004C71BB /* Resources */ = {
			isa = PBXResourcesBuildPhase;
			buildActionMask = 2147483647;
			files = (
				3DBC49402AA1A648008A5893 /* UserTableViewCell.xib in Resources */,
				3DF5F65F2AA2065D001EB63A /* credentials.plist in Resources */,
				3DC7D8C42AA0751F004C71BB /* LaunchScreen.storyboard in Resources */,
				3DBC49422AA1AFAA008A5893 /* GoogleService-Info.plist in Resources */,
				3DC7D8C12AA0751F004C71BB /* Assets.xcassets in Resources */,
				3DC7D8BF2AA0751D004C71BB /* Main.storyboard in Resources */,
			);
			runOnlyForDeploymentPostprocessing = 0;
		};
/* End PBXResourcesBuildPhase section */

/* Begin PBXShellScriptBuildPhase section */
		324978CCDCF75C7E04A7AABD /* [CP] Embed Pods Frameworks */ = {
			isa = PBXShellScriptBuildPhase;
			buildActionMask = 2147483647;
			files = (
			);
			inputFileListPaths = (
				"${PODS_ROOT}/Target Support Files/Pods-FireChat/Pods-FireChat-frameworks-${CONFIGURATION}-input-files.xcfilelist",
			);
			name = "[CP] Embed Pods Frameworks";
			outputFileListPaths = (
				"${PODS_ROOT}/Target Support Files/Pods-FireChat/Pods-FireChat-frameworks-${CONFIGURATION}-output-files.xcfilelist",
			);
			runOnlyForDeploymentPostprocessing = 0;
			shellPath = /bin/sh;
			shellScript = "\"${PODS_ROOT}/Target Support Files/Pods-FireChat/Pods-FireChat-frameworks.sh\"\n";
			showEnvVarsInLog = 0;
		};
		817648CDBA073360CAFD8824 /* [CP] Check Pods Manifest.lock */ = {
			isa = PBXShellScriptBuildPhase;
			buildActionMask = 2147483647;
			files = (
			);
			inputFileListPaths = (
			);
			inputPaths = (
				"${PODS_PODFILE_DIR_PATH}/Podfile.lock",
				"${PODS_ROOT}/Manifest.lock",
			);
			name = "[CP] Check Pods Manifest.lock";
			outputFileListPaths = (
			);
			outputPaths = (
				"$(DERIVED_FILE_DIR)/Pods-FireChat-checkManifestLockResult.txt",
			);
			runOnlyForDeploymentPostprocessing = 0;
			shellPath = /bin/sh;
			shellScript = "diff \"${PODS_PODFILE_DIR_PATH}/Podfile.lock\" \"${PODS_ROOT}/Manifest.lock\" > /dev/null\nif [ $? != 0 ] ; then\n    # print error to STDERR\n    echo \"error: The sandbox is not in sync with the Podfile.lock. Run 'pod install' or update your CocoaPods installation.\" >&2\n    exit 1\nfi\n# This output is used by Xcode 'outputs' to avoid re-running this script phase.\necho \"SUCCESS\" > \"${SCRIPT_OUTPUT_FILE_0}\"\n";
			showEnvVarsInLog = 0;
		};
/* End PBXShellScriptBuildPhase section */

/* Begin PBXSourcesBuildPhase section */
		3DC7D8B02AA0751D004C71BB /* Sources */ = {
			isa = PBXSourcesBuildPhase;
			buildActionMask = 2147483647;
			files = (
				3DC7D8CC2AA07A45004C71BB /* UIview.swift in Sources */,
				3DBC49392AA1A58D008A5893 /* UserViewController.swift in Sources */,
				3DBC493F2AA1A648008A5893 /* UserTableViewCell.swift in Sources */,
				3DC7D8BC2AA0751D004C71BB /* LoginViewController.swift in Sources */,
				3DF5F65D2AA1B855001EB63A /* User.swift in Sources */,
				3DC7D8B82AA0751D004C71BB /* AppDelegate.swift in Sources */,
				3DC7D8BA2AA0751D004C71BB /* SceneDelegate.swift in Sources */,
				3D8F0FEC2AA0D79A00C32519 /* SignUpViewController.swift in Sources */,
			);
			runOnlyForDeploymentPostprocessing = 0;
		};
/* End PBXSourcesBuildPhase section */

/* Begin PBXVariantGroup section */
		3DC7D8BD2AA0751D004C71BB /* Main.storyboard */ = {
			isa = PBXVariantGroup;
			children = (
				3DC7D8BE2AA0751D004C71BB /* Base */,
			);
			name = Main.storyboard;
			sourceTree = "<group>";
		};
		3DC7D8C22AA0751F004C71BB /* LaunchScreen.storyboard */ = {
			isa = PBXVariantGroup;
			children = (
				3DC7D8C32AA0751F004C71BB /* Base */,
			);
			name = LaunchScreen.storyboard;
			sourceTree = "<group>";
		};
/* End PBXVariantGroup section */

/* Begin XCBuildConfiguration section */
		3DC7D8C62AA0751F004C71BB /* Debug */ = {
			isa = XCBuildConfiguration;
			buildSettings = {
				ALWAYS_SEARCH_USER_PATHS = NO;
				CLANG_ANALYZER_NONNULL = YES;
				CLANG_ANALYZER_NUMBER_OBJECT_CONVERSION = YES_AGGRESSIVE;
				CLANG_CXX_LANGUAGE_STANDARD = "gnu++20";
				CLANG_ENABLE_MODULES = YES;
				CLANG_ENABLE_OBJC_ARC = YES;
				CLANG_ENABLE_OBJC_WEAK = YES;
				CLANG_WARN_BLOCK_CAPTURE_AUTORELEASING = YES;
				CLANG_WARN_BOOL_CONVERSION = YES;
				CLANG_WARN_COMMA = YES;
				CLANG_WARN_CONSTANT_CONVERSION = YES;
				CLANG_WARN_DEPRECATED_OBJC_IMPLEMENTATIONS = YES;
				CLANG_WARN_DIRECT_OBJC_ISA_USAGE = YES_ERROR;
				CLANG_WARN_DOCUMENTATION_COMMENTS = YES;
				CLANG_WARN_EMPTY_BODY = YES;
				CLANG_WARN_ENUM_CONVERSION = YES;
				CLANG_WARN_INFINITE_RECURSION = YES;
				CLANG_WARN_INT_CONVERSION = YES;
				CLANG_WARN_NON_LITERAL_NULL_CONVERSION = YES;
				CLANG_WARN_OBJC_IMPLICIT_RETAIN_SELF = YES;
				CLANG_WARN_OBJC_LITERAL_CONVERSION = YES;
				CLANG_WARN_OBJC_ROOT_CLASS = YES_ERROR;
				CLANG_WARN_QUOTED_INCLUDE_IN_FRAMEWORK_HEADER = YES;
				CLANG_WARN_RANGE_LOOP_ANALYSIS = YES;
				CLANG_WARN_STRICT_PROTOTYPES = YES;
				CLANG_WARN_SUSPICIOUS_MOVE = YES;
				CLANG_WARN_UNGUARDED_AVAILABILITY = YES_AGGRESSIVE;
				CLANG_WARN_UNREACHABLE_CODE = YES;
				CLANG_WARN__DUPLICATE_METHOD_MATCH = YES;
				COPY_PHASE_STRIP = NO;
				DEBUG_INFORMATION_FORMAT = dwarf;
				ENABLE_STRICT_OBJC_MSGSEND = YES;
				ENABLE_TESTABILITY = YES;
				GCC_C_LANGUAGE_STANDARD = gnu11;
				GCC_DYNAMIC_NO_PIC = NO;
				GCC_NO_COMMON_BLOCKS = YES;
				GCC_OPTIMIZATION_LEVEL = 0;
				GCC_PREPROCESSOR_DEFINITIONS = (
					"DEBUG=1",
					"$(inherited)",
				);
				GCC_WARN_64_TO_32_BIT_CONVERSION = YES;
				GCC_WARN_ABOUT_RETURN_TYPE = YES_ERROR;
				GCC_WARN_UNDECLARED_SELECTOR = YES;
				GCC_WARN_UNINITIALIZED_AUTOS = YES_AGGRESSIVE;
				GCC_WARN_UNUSED_FUNCTION = YES;
				GCC_WARN_UNUSED_VARIABLE = YES;
				IPHONEOS_DEPLOYMENT_TARGET = 16.4;
				MTL_ENABLE_DEBUG_INFO = INCLUDE_SOURCE;
				MTL_FAST_MATH = YES;
				ONLY_ACTIVE_ARCH = YES;
				SDKROOT = iphoneos;
				SWIFT_ACTIVE_COMPILATION_CONDITIONS = DEBUG;
				SWIFT_OPTIMIZATION_LEVEL = "-Onone";
			};
			name = Debug;
		};
		3DC7D8C72AA0751F004C71BB /* Release */ = {
			isa = XCBuildConfiguration;
			buildSettings = {
				ALWAYS_SEARCH_USER_PATHS = NO;
				CLANG_ANALYZER_NONNULL = YES;
				CLANG_ANALYZER_NUMBER_OBJECT_CONVERSION = YES_AGGRESSIVE;
				CLANG_CXX_LANGUAGE_STANDARD = "gnu++20";
				CLANG_ENABLE_MODULES = YES;
				CLANG_ENABLE_OBJC_ARC = YES;
				CLANG_ENABLE_OBJC_WEAK = YES;
				CLANG_WARN_BLOCK_CAPTURE_AUTORELEASING = YES;
				CLANG_WARN_BOOL_CONVERSION = YES;
				CLANG_WARN_COMMA = YES;
				CLANG_WARN_CONSTANT_CONVERSION = YES;
				CLANG_WARN_DEPRECATED_OBJC_IMPLEMENTATIONS = YES;
				CLANG_WARN_DIRECT_OBJC_ISA_USAGE = YES_ERROR;
				CLANG_WARN_DOCUMENTATION_COMMENTS = YES;
				CLANG_WARN_EMPTY_BODY = YES;
				CLANG_WARN_ENUM_CONVERSION = YES;
				CLANG_WARN_INFINITE_RECURSION = YES;
				CLANG_WARN_INT_CONVERSION = YES;
				CLANG_WARN_NON_LITERAL_NULL_CONVERSION = YES;
				CLANG_WARN_OBJC_IMPLICIT_RETAIN_SELF = YES;
				CLANG_WARN_OBJC_LITERAL_CONVERSION = YES;
				CLANG_WARN_OBJC_ROOT_CLASS = YES_ERROR;
				CLANG_WARN_QUOTED_INCLUDE_IN_FRAMEWORK_HEADER = YES;
				CLANG_WARN_RANGE_LOOP_ANALYSIS = YES;
				CLANG_WARN_STRICT_PROTOTYPES = YES;
				CLANG_WARN_SUSPICIOUS_MOVE = YES;
				CLANG_WARN_UNGUARDED_AVAILABILITY = YES_AGGRESSIVE;
				CLANG_WARN_UNREACHABLE_CODE = YES;
				CLANG_WARN__DUPLICATE_METHOD_MATCH = YES;
				COPY_PHASE_STRIP = NO;
				DEBUG_INFORMATION_FORMAT = "dwarf-with-dsym";
				ENABLE_NS_ASSERTIONS = NO;
				ENABLE_STRICT_OBJC_MSGSEND = YES;
				GCC_C_LANGUAGE_STANDARD = gnu11;
				GCC_NO_COMMON_BLOCKS = YES;
				GCC_WARN_64_TO_32_BIT_CONVERSION = YES;
				GCC_WARN_ABOUT_RETURN_TYPE = YES_ERROR;
				GCC_WARN_UNDECLARED_SELECTOR = YES;
				GCC_WARN_UNINITIALIZED_AUTOS = YES_AGGRESSIVE;
				GCC_WARN_UNUSED_FUNCTION = YES;
				GCC_WARN_UNUSED_VARIABLE = YES;
				IPHONEOS_DEPLOYMENT_TARGET = 16.4;
				MTL_ENABLE_DEBUG_INFO = NO;
				MTL_FAST_MATH = YES;
				SDKROOT = iphoneos;
				SWIFT_COMPILATION_MODE = wholemodule;
				SWIFT_OPTIMIZATION_LEVEL = "-O";
				VALIDATE_PRODUCT = YES;
			};
			name = Release;
		};
		3DC7D8C92AA0751F004C71BB /* Debug */ = {
			isa = XCBuildConfiguration;
			baseConfigurationReference = C7E4888D77FDBBB299FD947F /* Pods-FireChat.debug.xcconfig */;
			buildSettings = {
				ASSETCATALOG_COMPILER_APPICON_NAME = AppIcon;
				ASSETCATALOG_COMPILER_GLOBAL_ACCENT_COLOR_NAME = AccentColor;
				CODE_SIGN_STYLE = Automatic;
				CURRENT_PROJECT_VERSION = 1;
				GENERATE_INFOPLIST_FILE = YES;
				INFOPLIST_FILE = FireChat/Info.plist;
				INFOPLIST_KEY_CFBundleDisplayName = FireChat;
				INFOPLIST_KEY_UIApplicationSupportsIndirectInputEvents = YES;
				INFOPLIST_KEY_UILaunchStoryboardName = LaunchScreen;
				INFOPLIST_KEY_UIMainStoryboardFile = Main;
				INFOPLIST_KEY_UISupportedInterfaceOrientations_iPad = "UIInterfaceOrientationPortrait UIInterfaceOrientationPortraitUpsideDown UIInterfaceOrientationLandscapeLeft UIInterfaceOrientationLandscapeRight";
				INFOPLIST_KEY_UISupportedInterfaceOrientations_iPhone = "UIInterfaceOrientationPortrait UIInterfaceOrientationLandscapeLeft UIInterfaceOrientationLandscapeRight";
				IPHONEOS_DEPLOYMENT_TARGET = 11.0;
				LD_RUNPATH_SEARCH_PATHS = (
					"$(inherited)",
					"@executable_path/Frameworks",
				);
				MARKETING_VERSION = 1.0;
				PRODUCT_BUNDLE_IDENTIFIER = com.mudassar.FireChat;
				PRODUCT_NAME = "$(TARGET_NAME)";
				SWIFT_EMIT_LOC_STRINGS = YES;
				SWIFT_VERSION = 5.0;
				TARGETED_DEVICE_FAMILY = "1,2";
			};
			name = Debug;
		};
		3DC7D8CA2AA0751F004C71BB /* Release */ = {
			isa = XCBuildConfiguration;
			baseConfigurationReference = 747E6539C99DD8E9EE1259EF /* Pods-FireChat.release.xcconfig */;
			buildSettings = {
				ASSETCATALOG_COMPILER_APPICON_NAME = AppIcon;
				ASSETCATALOG_COMPILER_GLOBAL_ACCENT_COLOR_NAME = AccentColor;
				CODE_SIGN_STYLE = Automatic;
				CURRENT_PROJECT_VERSION = 1;
				GENERATE_INFOPLIST_FILE = YES;
				INFOPLIST_FILE = FireChat/Info.plist;
				INFOPLIST_KEY_CFBundleDisplayName = FireChat;
				INFOPLIST_KEY_UIApplicationSupportsIndirectInputEvents = YES;
				INFOPLIST_KEY_UILaunchStoryboardName = LaunchScreen;
				INFOPLIST_KEY_UIMainStoryboardFile = Main;
				INFOPLIST_KEY_UISupportedInterfaceOrientations_iPad = "UIInterfaceOrientationPortrait UIInterfaceOrientationPortraitUpsideDown UIInterfaceOrientationLandscapeLeft UIInterfaceOrientationLandscapeRight";
				INFOPLIST_KEY_UISupportedInterfaceOrientations_iPhone = "UIInterfaceOrientationPortrait UIInterfaceOrientationLandscapeLeft UIInterfaceOrientationLandscapeRight";
				IPHONEOS_DEPLOYMENT_TARGET = 11.0;
				LD_RUNPATH_SEARCH_PATHS = (
					"$(inherited)",
					"@executable_path/Frameworks",
				);
				MARKETING_VERSION = 1.0;
				PRODUCT_BUNDLE_IDENTIFIER = com.mudassar.FireChat;
				PRODUCT_NAME = "$(TARGET_NAME)";
				SWIFT_EMIT_LOC_STRINGS = YES;
				SWIFT_VERSION = 5.0;
				TARGETED_DEVICE_FAMILY = "1,2";
			};
			name = Release;
		};
/* End XCBuildConfiguration section */

/* Begin XCConfigurationList section */
		3DC7D8AF2AA0751D004C71BB /* Build configuration list for PBXProject "FireChat" */ = {
			isa = XCConfigurationList;
			buildConfigurations = (
				3DC7D8C62AA0751F004C71BB /* Debug */,
				3DC7D8C72AA0751F004C71BB /* Release */,
			);
			defaultConfigurationIsVisible = 0;
			defaultConfigurationName = Release;
		};
		3DC7D8C82AA0751F004C71BB /* Build configuration list for PBXNativeTarget "FireChat" */ = {
			isa = XCConfigurationList;
			buildConfigurations = (
				3DC7D8C92AA0751F004C71BB /* Debug */,
				3DC7D8CA2AA0751F004C71BB /* Release */,
			);
			defaultConfigurationIsVisible = 0;
			defaultConfigurationName = Release;
		};
/* End XCConfigurationList section */
	};
	rootObject = 3DC7D8AC2AA0751D004C71BB /* Project object */;
}
